<?xml version="1.0" encoding="utf-8"?>
<Project ToolsVersion="4.0" xmlns="http://schemas.microsoft.com/developer/msbuild/2003">
  <ItemGroup>
    <Filter Include="Resource Files">
      <UniqueIdentifier>{67DA6AB6-F800-4c08-8B7A-83BB121AAD01}</UniqueIdentifier>
      <Extensions>rc;ico;cur;bmp;dlg;rc2;rct;bin;rgs;gif;jpg;jpeg;jpe;resx;tiff;tif;png;wav;mfcribbon-ms</Extensions>
    </Filter>
    <Filter Include="shaders">
      <UniqueIdentifier>{5dd2023e-8d5f-44a4-8c50-c0114e867afc}</UniqueIdentifier>
    </Filter>
    <Filter Include="src">
      <UniqueIdentifier>{acb9f63d-d2ea-4257-8a38-7fe457e336da}</UniqueIdentifier>
    </Filter>
    <Filter Include="src\core">
      <UniqueIdentifier>{6a4e882f-e565-425a-a5d6-ea7f91362a8c}</UniqueIdentifier>
    </Filter>
    <Filter Include="src\components">
      <UniqueIdentifier>{d7d43d80-c9c1-49c2-ba22-139586f25359}</UniqueIdentifier>
    </Filter>
    <Filter Include="src\audio">
      <UniqueIdentifier>{9b36d462-f770-4c60-a8b2-493b3e45c91b}</UniqueIdentifier>
    </Filter>
    <Filter Include="src\graphics">
      <UniqueIdentifier>{6dbde1fb-b40f-4ea3-b36b-2c7a1c42013b}</UniqueIdentifier>
    </Filter>
    <Filter Include="src\custom">
      <UniqueIdentifier>{26ab8970-1508-45af-bb99-f1450c9d47cf}</UniqueIdentifier>
    </Filter>
    <Filter Include="src\scenes">
      <UniqueIdentifier>{633b5f63-451d-4b5e-a9c2-b5eb6ad8a57a}</UniqueIdentifier>
    </Filter>
    <Filter Include="src\math">
      <UniqueIdentifier>{9c21027a-316b-44e9-a3b1-eaa6a93b7341}</UniqueIdentifier>
    </Filter>
  </ItemGroup>
  <ItemGroup>
    <ClCompile Include="src\graphics\Model.cpp">
      <Filter>src\graphics</Filter>
    </ClCompile>
    <ClCompile Include="src\graphics\Texture.cpp">
      <Filter>src\graphics</Filter>
    </ClCompile>
    <ClCompile Include="src\core\main.cpp">
      <Filter>src\core</Filter>
    </ClCompile>
    <ClCompile Include="src\graphics\Vertex.cpp">
      <Filter>src\graphics</Filter>
    </ClCompile>
    <ClCompile Include="src\graphics\Mesh.cpp">
      <Filter>src\graphics</Filter>
    </ClCompile>
  </ItemGroup>
  <ItemGroup>
    <ClInclude Include="src\graphics\Model.h">
      <Filter>src\graphics</Filter>
    </ClInclude>
    <ClInclude Include="src\graphics\Texture.h">
      <Filter>src\graphics</Filter>
    </ClInclude>
    <ClInclude Include="src\core\GraphicsEngine.h">
      <Filter>src\core</Filter>
    </ClInclude>
    <ClInclude Include="src\core\PhysicsEngine.h">
      <Filter>src\core</Filter>
    </ClInclude>
    <ClInclude Include="src\graphics\Vertex.h">
      <Filter>src\graphics</Filter>
    </ClInclude>
    <ClInclude Include="src\graphics\Mesh.h">
      <Filter>src\graphics</Filter>
    </ClInclude>
  </ItemGroup>
  <ItemGroup>
    <None Include="shaders\Fragment.frag">
      <Filter>shaders</Filter>
    </None>
    <None Include="shaders\Vertex.vert">
      <Filter>shaders</Filter>
    </None>
  </ItemGroup>
</Project>